// !$*UTF8*$!
{
	archiveVersion = 1;
	classes = {
	};
	objectVersion = 46;
	objects = {

/* Begin PBXBuildFile section */
		94E09D9E1C439A650097EE9D /* AppDelegate.swift in Sources */ = {isa = PBXBuildFile; fileRef = 94E09D9D1C439A650097EE9D /* AppDelegate.swift */; };
		94E09DA01C439A650097EE9D /* ViewController.swift in Sources */ = {isa = PBXBuildFile; fileRef = 94E09D9F1C439A650097EE9D /* ViewController.swift */; };
		94E09DA31C439A650097EE9D /* Main.storyboard in Resources */ = {isa = PBXBuildFile; fileRef = 94E09DA11C439A650097EE9D /* Main.storyboard */; };
		94E09DA51C439A650097EE9D /* Assets.xcassets in Resources */ = {isa = PBXBuildFile; fileRef = 94E09DA41C439A650097EE9D /* Assets.xcassets */; };
		94E09DA81C439A650097EE9D /* LaunchScreen.storyboard in Resources */ = {isa = PBXBuildFile; fileRef = 94E09DA61C439A650097EE9D /* LaunchScreen.storyboard */; };
/* End PBXBuildFile section */

/* Begin PBXFileReference section */
		94E09D9A1C439A650097EE9D /* ProjectSwift.app */ = {isa = PBXFileReference; explicitFileType = wrapper.application; includeInIndex = 0; path = ProjectSwift.app; sourceTree = BUILT_PRODUCTS_DIR; };
		94E09D9D1C439A650097EE9D /* AppDelegate.swift */ = {isa = PBXFileReference; lastKnownFileType = sourcecode.swift; path = AppDelegate.swift; sourceTree = "<group>"; };
		94E09D9F1C439A650097EE9D /* ViewController.swift */ = {isa = PBXFileReference; lastKnownFileType = sourcecode.swift; path = ViewController.swift; sourceTree = "<group>"; };
		94E09DA21C439A650097EE9D /* Base */ = {isa = PBXFileReference; lastKnownFileType = file.storyboard; name = Base; path = Base.lproj/Main.storyboard; sourceTree = "<group>"; };
		94E09DA41C439A650097EE9D /* Assets.xcassets */ = {isa = PBXFileReference; lastKnownFileType = folder.assetcatalog; path = Assets.xcassets; sourceTree = "<group>"; };
		94E09DA71C439A650097EE9D /* Base */ = {isa = PBXFileReference; lastKnownFileType = file.storyboard; name = Base; path = Base.lproj/LaunchScreen.storyboard; sourceTree = "<group>"; };
		94E09DA91C439A650097EE9D /* Info.plist */ = {isa = PBXFileReference; lastKnownFileType = text.plist.xml; path = Info.plist; sourceTree = "<group>"; };
/* End PBXFileReference section */

/* Begin PBXFrameworksBuildPhase section */
		94E09D971C439A650097EE9D /* Frameworks */ = {
			isa = PBXFrameworksBuildPhase;
			buildActionMask = 2147483647;
			files = (
			);
			runOnlyForDeploymentPostprocessing = 0;
		};
/* End PBXFrameworksBuildPhase section */

/* Begin PBXGroup section */
		94E09D911C439A650097EE9D = {
			isa = PBXGroup;
			children = (
				94E09D9C1C439A650097EE9D /* ProjectSwift */,
				94E09D9B1C439A650097EE9D /* Products */,
			);
			sourceTree = "<group>";
		};
		94E09D9B1C439A650097EE9D /* Products */ = {
			isa = PBXGroup;
			children = (
				94E09D9A1C439A650097EE9D /* ProjectSwift.app */,
			);
			name = Products;
			sourceTree = "<group>";
		};
		94E09D9C1C439A650097EE9D /* ProjectSwift */ = {
			isa = PBXGroup;
			children = (
				94E09D9D1C439A650097EE9D /* AppDelegate.swift */,
				94E09D9F1C439A650097EE9D /* ViewController.swift */,
				94E09DA11C439A650097EE9D /* Main.storyboard */,
				94E09DA41C439A650097EE9D /* Assets.xcassets */,
				94E09DA61C439A650097EE9D /* LaunchScreen.storyboard */,
				94E09DA91C439A650097EE9D /* Info.plist */,
			);
			path = ProjectSwift;
			sourceTree = "<group>";
		};
/* End PBXGroup section */

/* Begin PBXNativeTarget section */
		94E09D991C439A650097EE9D /* ProjectSwift */ = {
			isa = PBXNativeTarget;
			buildConfigurationList = 94E09DAC1C439A650097EE9D /* Build configuration list for PBXNativeTarget "ProjectSwift" */;
			buildPhases = (
				94E09D961C439A650097EE9D /* Sources */,
				94E09D971C439A650097EE9D /* Frameworks */,
				94E09D981C439A650097EE9D /* Resources */,
			);
			buildRules = (
			);
			dependencies = (
			);
			name = ProjectSwift;
			productName = ProjectSwift;
			productReference = 94E09D9A1C439A650097EE9D /* ProjectSwift.app */;
			productType = "com.apple.product-type.application";
		};
/* End PBXNativeTarget section */

/* Begin PBXProject section */
		94E09D921C439A650097EE9D /* Project object */ = {
			isa = PBXProject;
			attributes = {
				LastSwiftUpdateCheck = 0720;
				LastUpgradeCheck = 0720;
				ORGANIZATIONNAME = langyue;
				TargetAttributes = {
					94E09D991C439A650097EE9D = {
						CreatedOnToolsVersion = 7.2;
					};
				};
			};
			buildConfigurationList = 94E09D951C439A650097EE9D /* Build configuration list for PBXProject "ProjectSwift" */;
			compatibilityVersion = "Xcode 3.2";
			developmentRegion = English;
			hasScannedForEncodings = 0;
			knownRegions = (
				en,
				Base,
			);
			mainGroup = 94E09D911C439A650097EE9D;
			productRefGroup = 94E09D9B1C439A650097EE9D /* Products */;
			projectDirPath = "";
			projectRoot = "";
			targets = (
				94E09D991C439A650097EE9D /* ProjectSwift */,
			);
		};
/* End PBXProject section */

/* Begin PBXResourcesBuildPhase section */
		94E09D981C439A650097EE9D /* Resources */ = {
			isa = PBXResourcesBuildPhase;
			buildActionMask = 2147483647;
			files = (
				94E09DA81C439A650097EE9D /* LaunchScreen.storyboard in Resources */,
				94E09DA51C439A650097EE9D /* Assets.xcassets in Resources */,
				94E09DA31C439A650097EE9D /* Main.storyboard in Resources */,
			);
			runOnlyForDeploymentPostprocessing = 0;
		};
/* End PBXResourcesBuildPhase section */

/* Begin PBXSourcesBuildPhase section */
		94E09D961C439A650097EE9D /* Sources */ = {
			isa = PBXSourcesBuildPhase;
			buildActionMask = 2147483647;
			files = (
				94E09DA01C439A650097EE9D /* ViewController.swift in Sources */,
				94E09D9E1C439A650097EE9D /* AppDelegate.swift in Sources */,
			);
			runOnlyForDeploymentPostprocessing = 0;
		};
/* End PBXSourcesBuildPhase section */

/* Begin PBXVariantGroup section */
		94E09DA11C439A650097EE9D /* Main.storyboard */ = {
			isa = PBXVariantGroup;
			children = (
				94E09DA21C439A650097EE9D /* Base */,
			);
			name = Main.storyboard;
			sourceTree = "<group>";
		};
		94E09DA61C439A650097EE9D /* LaunchScreen.storyboard */ = {
			isa = PBXVariantGroup;
			children = (
				94E09DA71C439A650097EE9D /* Base */,
			);
			name = LaunchScreen.storyboard;
			sourceTree = "<group>";
		};
/* End PBXVariantGroup section */

/* Begin XCBuildConfiguration section */
		94E09DAA1C439A650097EE9D /* Debug */ = {
			isa = XCBuildConfiguration;
			buildSettings = {
				ALWAYS_SEARCH_USER_PATHS = NO;
				CLANG_CXX_LANGUAGE_STANDARD = "gnu++0x";
				CLANG_CXX_LIBRARY = "libc++";
				CLANG_ENABLE_MODULES = YES;
				CLANG_ENABLE_OBJC_ARC = YES;
				CLANG_WARN_BOOL_CONVERSION = YES;
				CLANG_WARN_CONSTANT_CONVERSION = YES;
				CLANG_WARN_DIRECT_OBJC_ISA_USAGE = YES_ERROR;
				CLANG_WARN_EMPTY_BODY = YES;
				CLANG_WARN_ENUM_CONVERSION = YES;
				CLANG_WARN_INT_CONVERSION = YES;
				CLANG_WARN_OBJC_ROOT_CLASS = YES_ERROR;
				CLANG_WARN_UNREACHABLE_CODE = YES;
				CLANG_WARN__DUPLICATE_METHOD_MATCH = YES;
				"CODE_SIGN_IDENTITY[sdk=iphoneos*]" = "iPhone Developer";
				COPY_PHASE_STRIP = NO;
				DEBUG_INFORMATION_FORMAT = dwarf;
				ENABLE_STRICT_OBJC_MSGSEND = YES;
				ENABLE_TESTABILITY = YES;
				GCC_C_LANGUAGE_STANDARD = gnu99;
				GCC_DYNAMIC_NO_PIC = NO;
				GCC_NO_COMMON_BLOCKS = YES;
				GCC_OPTIMIZATION_LEVEL = 0;
				GCC_PREPROCESSOR_DEFINITIONS = (
					"DEBUG=1",
					"$(inherited)",
				);
				GCC_WARN_64_TO_32_BIT_CONVERSION = YES;
				GCC_WARN_ABOUT_RETURN_TYPE = YES_ERROR;
				GCC_WARN_UNDECLARED_SELECTOR = YES;
				GCC_WARN_UNINITIALIZED_AUTOS = YES_AGGRESSIVE;
				GCC_WARN_UNUSED_FUNCTION = YES;
				GCC_WARN_UNUSED_VARIABLE = YES;
				IPHONEOS_DEPLOYMENT_TARGET = 9.2;
				MTL_ENABLE_DEBUG_INFO = YES;
				ONLY_ACTIVE_ARCH = YES;
				SDKROOT = iphoneos;
				SWIFT_OPTIMIZATION_LEVEL = "-Onone";
				TARGETED_DEVICE_FAMILY = "1,2";
			};
			name = Debug;
		};
		94E09DAB1C439A650097EE9D /* Release */ = {
			isa = XCBuildConfiguration;
			buildSettings = {
				ALWAYS_SEARCH_USER_PATHS = NO;
				CLANG_CXX_LANGUAGE_STANDARD = "gnu++0x";
				CLANG_CXX_LIBRARY = "libc++";
				CLANG_ENABLE_MODULES = YES;
				CLANG_ENABLE_OBJC_ARC = YES;
				CLANG_WARN_BOOL_CONVERSION = YES;
				CLANG_WARN_CONSTANT_CONVERSION = YES;
				CLANG_WARN_DIRECT_OBJC_ISA_USAGE = YES_ERROR;
				CLANG_WARN_EMPTY_BODY = YES;
				CLANG_WARN_ENUM_CONVERSION = YES;
				CLANG_WARN_INT_CONVERSION = YES;
				CLANG_WARN_OBJC_ROOT_CLASS = YES_ERROR;
				CLANG_WARN_UNREACHABLE_CODE = YES;
				CLANG_WARN__DUPLICATE_METHOD_MATCH = YES;
				"CODE_SIGN_IDENTITY[sdk=iphoneos*]" = "iPhone Developer";
				COPY_PHASE_STRIP = NO;
				DEBUG_INFORMATION_FORMAT = "dwarf-with-dsym";
				ENABLE_NS_ASSERTIONS = NO;
				ENABLE_STRICT_OBJC_MSGSEND = YES;
				GCC_C_LANGUAGE_STANDARD = gnu99;
				GCC_NO_COMMON_BLOCKS = YES;
				GCC_WARN_64_TO_32_BIT_CONVERSION = YES;
				GCC_WARN_ABOUT_RETURN_TYPE = YES_ERROR;
				GCC_WARN_UNDECLARED_SELECTOR = YES;
				GCC_WARN_UNINITIALIZED_AUTOS = YES_AGGRESSIVE;
				GCC_WARN_UNUSED_FUNCTION = YES;
				GCC_WARN_UNUSED_VARIABLE = YES;
				IPHONEOS_DEPLOYMENT_TARGET = 9.2;
				MTL_ENABLE_DEBUG_INFO = NO;
				SDKROOT = iphoneos;
				TARGETED_DEVICE_FAMILY = "1,2";
				VALIDATE_PRODUCT = YES;
			};
			name = Release;
		};
		94E09DAD1C439A650097EE9D /* Debug */ = {
			isa = XCBuildConfiguration;
			buildSettings = {
				ASSETCATALOG_COMPILER_APPICON_NAME = AppIcon;
				INFOPLIST_FILE = ProjectSwift/Info.plist;
				LD_RUNPATH_SEARCH_PATHS = "$(inherited) @executable_path/Frameworks";
				PRODUCT_BUNDLE_IDENTIFIER = "LangYue-China.ProjectSwift";
				PRODUCT_NAME = "$(TARGET_NAME)";
			};
			name = Debug;
		};
		94E09DAE1C439A650097EE9D /* Release */ = {
			isa = XCBuildConfiguration;
			buildSettings = {
				ASSETCATALOG_COMPILER_APPICON_NAME = AppIcon;
				INFOPLIST_FILE = ProjectSwift/Info.plist;
				LD_RUNPATH_SEARCH_PATHS = "$(inherited) @executable_path/Frameworks";
				PRODUCT_BUNDLE_IDENTIFIER = "LangYue-China.ProjectSwift";
				PRODUCT_NAME = "$(TARGET_NAME)";
			};
			name = Release;
		};
/* End XCBuildConfiguration section */

/* Begin XCConfigurationList section */
		94E09D951C439A650097EE9D /* Build configuration list for PBXProject "ProjectSwift" */ = {
			isa = XCConfigurationList;
			buildConfigurations = (
				94E09DAA1C439A650097EE9D /* Debug */,
				94E09DAB1C439A650097EE9D /* Release */,
			);
			defaultConfigurationIsVisible = 0;
			defaultConfigurationName = Release;
		};
		94E09DAC1C439A650097EE9D /* Build configuration list for PBXNativeTarget "ProjectSwift" */ = {
			isa = XCConfigurationList;
			buildConfigurations = (
				94E09DAD1C439A650097EE9D /* Debug */,
				94E09DAE1C439A650097EE9D /* Release */,
			);
			defaultConfigurationIsVisible = 0;
		};
/* End XCConfigurationList section */
	};
	rootObject = 94E09D921C439A650097EE9D /* Project object */;
}
